// !$*UTF8*$!
{
	archiveVersion = 1;
	classes = {
	};
	objectVersion = 50;
	objects = {

/* Begin PBXBuildFile section */
		84404376247B690400154AFB /* TableViewCell.swift in Sources */ = {isa = PBXBuildFile; fileRef = 84404375247B690400154AFB /* TableViewCell.swift */; };
		84404379247B693A00154AFB /* DataService.swift in Sources */ = {isa = PBXBuildFile; fileRef = 84404378247B693A00154AFB /* DataService.swift */; };
		8440437B247B696500154AFB /* ForecastDay.swift in Sources */ = {isa = PBXBuildFile; fileRef = 8440437A247B696500154AFB /* ForecastDay.swift */; };
		84404382247B6C1700154AFB /* ExtensionUIimageView.swift in Sources */ = {isa = PBXBuildFile; fileRef = 84404381247B6C1700154AFB /* ExtensionUIimageView.swift */; };
		84404384247B6C3700154AFB /* ExtensionTimeInterval.swift in Sources */ = {isa = PBXBuildFile; fileRef = 84404383247B6C3700154AFB /* ExtensionTimeInterval.swift */; };
		84ED6DE6247BBDC000E13EBF /* AppWeatherTests.swift in Sources */ = {isa = PBXBuildFile; fileRef = 84ED6DE5247BBDC000E13EBF /* AppWeatherTests.swift */; };
		84FA531924795CEF0020F046 /* AppDelegate.swift in Sources */ = {isa = PBXBuildFile; fileRef = 84FA531824795CEF0020F046 /* AppDelegate.swift */; };
		84FA531B24795CEF0020F046 /* SceneDelegate.swift in Sources */ = {isa = PBXBuildFile; fileRef = 84FA531A24795CEF0020F046 /* SceneDelegate.swift */; };
		84FA531D24795CEF0020F046 /* ViewController.swift in Sources */ = {isa = PBXBuildFile; fileRef = 84FA531C24795CEF0020F046 /* ViewController.swift */; };
		84FA532024795CEF0020F046 /* Main.storyboard in Resources */ = {isa = PBXBuildFile; fileRef = 84FA531E24795CEF0020F046 /* Main.storyboard */; };
		84FA532224795CF10020F046 /* Assets.xcassets in Resources */ = {isa = PBXBuildFile; fileRef = 84FA532124795CF10020F046 /* Assets.xcassets */; };
		84FA532524795CF10020F046 /* LaunchScreen.storyboard in Resources */ = {isa = PBXBuildFile; fileRef = 84FA532324795CF10020F046 /* LaunchScreen.storyboard */; };
/* End PBXBuildFile section */

/* Begin PBXContainerItemProxy section */
		84ED6DE8247BBDC000E13EBF /* PBXContainerItemProxy */ = {
			isa = PBXContainerItemProxy;
			containerPortal = 84FA530D24795CEF0020F046 /* Project object */;
			proxyType = 1;
			remoteGlobalIDString = 84FA531424795CEF0020F046;
			remoteInfo = AppWeather;
		};
/* End PBXContainerItemProxy section */

/* Begin PBXFileReference section */
		84404375247B690400154AFB /* TableViewCell.swift */ = {isa = PBXFileReference; lastKnownFileType = sourcecode.swift; path = TableViewCell.swift; sourceTree = "<group>"; };
		84404378247B693A00154AFB /* DataService.swift */ = {isa = PBXFileReference; lastKnownFileType = sourcecode.swift; path = DataService.swift; sourceTree = "<group>"; };
		8440437A247B696500154AFB /* ForecastDay.swift */ = {isa = PBXFileReference; lastKnownFileType = sourcecode.swift; path = ForecastDay.swift; sourceTree = "<group>"; };
		84404381247B6C1700154AFB /* ExtensionUIimageView.swift */ = {isa = PBXFileReference; lastKnownFileType = sourcecode.swift; path = ExtensionUIimageView.swift; sourceTree = "<group>"; };
		84404383247B6C3700154AFB /* ExtensionTimeInterval.swift */ = {isa = PBXFileReference; lastKnownFileType = sourcecode.swift; path = ExtensionTimeInterval.swift; sourceTree = "<group>"; };
		84ED6DE3247BBDC000E13EBF /* AppWeatherTests.xctest */ = {isa = PBXFileReference; explicitFileType = wrapper.cfbundle; includeInIndex = 0; path = AppWeatherTests.xctest; sourceTree = BUILT_PRODUCTS_DIR; };
		84ED6DE5247BBDC000E13EBF /* AppWeatherTests.swift */ = {isa = PBXFileReference; lastKnownFileType = sourcecode.swift; path = AppWeatherTests.swift; sourceTree = "<group>"; };
		84ED6DE7247BBDC000E13EBF /* Info.plist */ = {isa = PBXFileReference; lastKnownFileType = text.plist.xml; path = Info.plist; sourceTree = "<group>"; };
		84FA531524795CEF0020F046 /* AppWeather.app */ = {isa = PBXFileReference; explicitFileType = wrapper.application; includeInIndex = 0; path = AppWeather.app; sourceTree = BUILT_PRODUCTS_DIR; };
		84FA531824795CEF0020F046 /* AppDelegate.swift */ = {isa = PBXFileReference; lastKnownFileType = sourcecode.swift; path = AppDelegate.swift; sourceTree = "<group>"; };
		84FA531A24795CEF0020F046 /* SceneDelegate.swift */ = {isa = PBXFileReference; lastKnownFileType = sourcecode.swift; path = SceneDelegate.swift; sourceTree = "<group>"; };
		84FA531C24795CEF0020F046 /* ViewController.swift */ = {isa = PBXFileReference; lastKnownFileType = sourcecode.swift; path = ViewController.swift; sourceTree = "<group>"; };
		84FA531F24795CEF0020F046 /* Base */ = {isa = PBXFileReference; lastKnownFileType = file.storyboard; name = Base; path = Base.lproj/Main.storyboard; sourceTree = "<group>"; };
		84FA532124795CF10020F046 /* Assets.xcassets */ = {isa = PBXFileReference; lastKnownFileType = folder.assetcatalog; path = Assets.xcassets; sourceTree = "<group>"; };
		84FA532424795CF10020F046 /* Base */ = {isa = PBXFileReference; lastKnownFileType = file.storyboard; name = Base; path = Base.lproj/LaunchScreen.storyboard; sourceTree = "<group>"; };
		84FA532624795CF10020F046 /* Info.plist */ = {isa = PBXFileReference; lastKnownFileType = text.plist.xml; path = Info.plist; sourceTree = "<group>"; };
/* End PBXFileReference section */

/* Begin PBXFrameworksBuildPhase section */
		84ED6DE0247BBDC000E13EBF /* Frameworks */ = {
			isa = PBXFrameworksBuildPhase;
			buildActionMask = 2147483647;
			files = (
			);
			runOnlyForDeploymentPostprocessing = 0;
		};
		84FA531224795CEF0020F046 /* Frameworks */ = {
			isa = PBXFrameworksBuildPhase;
			buildActionMask = 2147483647;
			files = (
			);
			runOnlyForDeploymentPostprocessing = 0;
		};
/* End PBXFrameworksBuildPhase section */

/* Begin PBXGroup section */
		84404373247B68C800154AFB /* Controller */ = {
			isa = PBXGroup;
			children = (
				84FA531C24795CEF0020F046 /* ViewController.swift */,
			);
			path = Controller;
			sourceTree = "<group>";
		};
		84404374247B68EA00154AFB /* View */ = {
			isa = PBXGroup;
			children = (
				84404375247B690400154AFB /* TableViewCell.swift */,
			);
			path = View;
			sourceTree = "<group>";
		};
		84404377247B691700154AFB /* New Group */ = {
			isa = PBXGroup;
			children = (
				84404378247B693A00154AFB /* DataService.swift */,
				8440437A247B696500154AFB /* ForecastDay.swift */,
			);
			path = "New Group";
			sourceTree = "<group>";
		};
		8440437C247B698100154AFB /* Utilies + Extension */ = {
			isa = PBXGroup;
			children = (
				84404381247B6C1700154AFB /* ExtensionUIimageView.swift */,
				84404383247B6C3700154AFB /* ExtensionTimeInterval.swift */,
			);
			path = "Utilies + Extension";
			sourceTree = "<group>";
		};
		84ED6DE4247BBDC000E13EBF /* AppWeatherTests */ = {
			isa = PBXGroup;
			children = (
				84ED6DE5247BBDC000E13EBF /* AppWeatherTests.swift */,
				84ED6DE7247BBDC000E13EBF /* Info.plist */,
			);
			path = AppWeatherTests;
			sourceTree = "<group>";
		};
		84FA530C24795CEF0020F046 = {
			isa = PBXGroup;
			children = (
				84FA531724795CEF0020F046 /* AppWeather */,
				84ED6DE4247BBDC000E13EBF /* AppWeatherTests */,
				84FA531624795CEF0020F046 /* Products */,
			);
			sourceTree = "<group>";
		};
		84FA531624795CEF0020F046 /* Products */ = {
			isa = PBXGroup;
			children = (
				84FA531524795CEF0020F046 /* AppWeather.app */,
				84ED6DE3247BBDC000E13EBF /* AppWeatherTests.xctest */,
			);
			name = Products;
			sourceTree = "<group>";
		};
		84FA531724795CEF0020F046 /* AppWeather */ = {
			isa = PBXGroup;
			children = (
				84FA531824795CEF0020F046 /* AppDelegate.swift */,
				84FA532124795CF10020F046 /* Assets.xcassets */,
				84FA532624795CF10020F046 /* Info.plist */,
				84FA532324795CF10020F046 /* LaunchScreen.storyboard */,
				84FA531E24795CEF0020F046 /* Main.storyboard */,
				84FA531A24795CEF0020F046 /* SceneDelegate.swift */,
				84404374247B68EA00154AFB /* View */,
				84404373247B68C800154AFB /* Controller */,
				8440437C247B698100154AFB /* Utilies + Extension */,
				84404377247B691700154AFB /* New Group */,
			);
			path = AppWeather;
			sourceTree = "<group>";
		};
/* End PBXGroup section */

/* Begin PBXNativeTarget section */
		84ED6DE2247BBDC000E13EBF /* AppWeatherTests */ = {
			isa = PBXNativeTarget;
			buildConfigurationList = 84ED6DEC247BBDC100E13EBF /* Build configuration list for PBXNativeTarget "AppWeatherTests" */;
			buildPhases = (
				84ED6DDF247BBDC000E13EBF /* Sources */,
				84ED6DE0247BBDC000E13EBF /* Frameworks */,
				84ED6DE1247BBDC000E13EBF /* Resources */,
			);
			buildRules = (
			);
			dependencies = (
				84ED6DE9247BBDC000E13EBF /* PBXTargetDependency */,
			);
			name = AppWeatherTests;
			productName = AppWeatherTests;
			productReference = 84ED6DE3247BBDC000E13EBF /* AppWeatherTests.xctest */;
			productType = "com.apple.product-type.bundle.unit-test";
		};
		84FA531424795CEF0020F046 /* AppWeather */ = {
			isa = PBXNativeTarget;
			buildConfigurationList = 84FA532924795CF10020F046 /* Build configuration list for PBXNativeTarget "AppWeather" */;
			buildPhases = (
				84FA531124795CEF0020F046 /* Sources */,
				84FA531224795CEF0020F046 /* Frameworks */,
				84FA531324795CEF0020F046 /* Resources */,
			);
			buildRules = (
			);
			dependencies = (
			);
			name = AppWeather;
			productName = AppWeather;
			productReference = 84FA531524795CEF0020F046 /* AppWeather.app */;
			productType = "com.apple.product-type.application";
		};
/* End PBXNativeTarget section */

/* Begin PBXProject section */
		84FA530D24795CEF0020F046 /* Project object */ = {
			isa = PBXProject;
			attributes = {
				LastSwiftUpdateCheck = 1100;
				LastUpgradeCheck = 1100;
				ORGANIZATIONNAME = Long;
				TargetAttributes = {
					84ED6DE2247BBDC000E13EBF = {
						CreatedOnToolsVersion = 11.0;
						TestTargetID = 84FA531424795CEF0020F046;
					};
					84FA531424795CEF0020F046 = {
						CreatedOnToolsVersion = 11.0;
					};
				};
			};
			buildConfigurationList = 84FA531024795CEF0020F046 /* Build configuration list for PBXProject "AppWeather" */;
			compatibilityVersion = "Xcode 9.3";
			developmentRegion = en;
			hasScannedForEncodings = 0;
			knownRegions = (
				en,
				Base,
			);
			mainGroup = 84FA530C24795CEF0020F046;
			productRefGroup = 84FA531624795CEF0020F046 /* Products */;
			projectDirPath = "";
			projectRoot = "";
			targets = (
				84FA531424795CEF0020F046 /* AppWeather */,
				84ED6DE2247BBDC000E13EBF /* AppWeatherTests */,
			);
		};
/* End PBXProject section */

/* Begin PBXResourcesBuildPhase section */
		84ED6DE1247BBDC000E13EBF /* Resources */ = {
			isa = PBXResourcesBuildPhase;
			buildActionMask = 2147483647;
			files = (
			);
			runOnlyForDeploymentPostprocessing = 0;
		};
		84FA531324795CEF0020F046 /* Resources */ = {
			isa = PBXResourcesBuildPhase;
			buildActionMask = 2147483647;
			files = (
				84FA532524795CF10020F046 /* LaunchScreen.storyboard in Resources */,
				84FA532224795CF10020F046 /* Assets.xcassets in Resources */,
				84FA532024795CEF0020F046 /* Main.storyboard in Resources */,
			);
			runOnlyForDeploymentPostprocessing = 0;
		};
/* End PBXResourcesBuildPhase section */

/* Begin PBXSourcesBuildPhase section */
		84ED6DDF247BBDC000E13EBF /* Sources */ = {
			isa = PBXSourcesBuildPhase;
			buildActionMask = 2147483647;
			files = (
				84ED6DE6247BBDC000E13EBF /* AppWeatherTests.swift in Sources */,
			);
			runOnlyForDeploymentPostprocessing = 0;
		};
		84FA531124795CEF0020F046 /* Sources */ = {
			isa = PBXSourcesBuildPhase;
			buildActionMask = 2147483647;
			files = (
				84FA531D24795CEF0020F046 /* ViewController.swift in Sources */,
				8440437B247B696500154AFB /* ForecastDay.swift in Sources */,
				84404376247B690400154AFB /* TableViewCell.swift in Sources */,
				84FA531924795CEF0020F046 /* AppDelegate.swift in Sources */,
				84FA531B24795CEF0020F046 /* SceneDelegate.swift in Sources */,
				84404379247B693A00154AFB /* DataService.swift in Sources */,
				84404382247B6C1700154AFB /* ExtensionUIimageView.swift in Sources */,
				84404384247B6C3700154AFB /* ExtensionTimeInterval.swift in Sources */,
			);
			runOnlyForDeploymentPostprocessing = 0;
		};
/* End PBXSourcesBuildPhase section */

/* Begin PBXTargetDependency section */
		84ED6DE9247BBDC000E13EBF /* PBXTargetDependency */ = {
			isa = PBXTargetDependency;
			target = 84FA531424795CEF0020F046 /* AppWeather */;
			targetProxy = 84ED6DE8247BBDC000E13EBF /* PBXContainerItemProxy */;
		};
/* End PBXTargetDependency section */

/* Begin PBXVariantGroup section */
		84FA531E24795CEF0020F046 /* Main.storyboard */ = {
			isa = PBXVariantGroup;
			children = (
				84FA531F24795CEF0020F046 /* Base */,
			);
			name = Main.storyboard;
			sourceTree = "<group>";
		};
		84FA532324795CF10020F046 /* LaunchScreen.storyboard */ = {
			isa = PBXVariantGroup;
			children = (
				84FA532424795CF10020F046 /* Base */,
			);
			name = LaunchScreen.storyboard;
			sourceTree = "<group>";
		};
/* End PBXVariantGroup section */

/* Begin XCBuildConfiguration section */
		84ED6DEA247BBDC000E13EBF /* Debug */ = {
			isa = XCBuildConfiguration;
			buildSettings = {
				BUNDLE_LOADER = "$(TEST_HOST)";
				CODE_SIGN_STYLE = Automatic;
				INFOPLIST_FILE = AppWeatherTests/Info.plist;
				LD_RUNPATH_SEARCH_PATHS = (
					"$(inherited)",
					"@executable_path/Frameworks",
					"@loader_path/Frameworks",
				);
				PRODUCT_BUNDLE_IDENTIFIER = Long.AppWeatherTests;
				PRODUCT_NAME = "$(TARGET_NAME)";
				SWIFT_VERSION = 5.0;
				TARGETED_DEVICE_FAMILY = "1,2";
				TEST_HOST = "$(BUILT_PRODUCTS_DIR)/AppWeather.app/AppWeather";
			};
			name = Debug;
		};
		84ED6DEB247BBDC000E13EBF /* Release */ = {
			isa = XCBuildConfiguration;
			buildSettings = {
				BUNDLE_LOADER = "$(TEST_HOST)";
				CODE_SIGN_STYLE = Automatic;
				INFOPLIST_FILE = AppWeatherTests/Info.plist;
				LD_RUNPATH_SEARCH_PATHS = (
					"$(inherited)",
					"@executable_path/Frameworks",
					"@loader_path/Frameworks",
				);
				PRODUCT_BUNDLE_IDENTIFIER = Long.AppWeatherTests;
				PRODUCT_NAME = "$(TARGET_NAME)";
				SWIFT_VERSION = 5.0;
				TARGETED_DEVICE_FAMILY = "1,2";
				TEST_HOST = "$(BUILT_PRODUCTS_DIR)/AppWeather.app/AppWeather";
			};
			name = Release;
		};
		84FA532724795CF10020F046 /* Debug */ = {
			isa = XCBuildConfiguration;
			buildSettings = {
				ALWAYS_SEARCH_USER_PATHS = NO;
				CLANG_ANALYZER_NONNULL = YES;
				CLANG_ANALYZER_NUMBER_OBJECT_CONVERSION = YES_AGGRESSIVE;
				CLANG_CXX_LANGUAGE_STANDARD = "gnu++14";
				CLANG_CXX_LIBRARY = "libc++";
				CLANG_ENABLE_MODULES = YES;
				CLANG_ENABLE_OBJC_ARC = YES;
				CLANG_ENABLE_OBJC_WEAK = YES;
				CLANG_WARN_BLOCK_CAPTURE_AUTORELEASING = YES;
				CLANG_WARN_BOOL_CONVERSION = YES;
				CLANG_WARN_COMMA = YES;
				CLANG_WARN_CONSTANT_CONVERSION = YES;
				CLANG_WARN_DEPRECATED_OBJC_IMPLEMENTATIONS = YES;
				CLANG_WARN_DIRECT_OBJC_ISA_USAGE = YES_ERROR;
				CLANG_WARN_DOCUMENTATION_COMMENTS = YES;
				CLANG_WARN_EMPTY_BODY = YES;
				CLANG_WARN_ENUM_CONVERSION = YES;
				CLANG_WARN_INFINITE_RECURSION = YES;
				CLANG_WARN_INT_CONVERSION = YES;
				CLANG_WARN_NON_LITERAL_NULL_CONVERSION = YES;
				CLANG_WARN_OBJC_IMPLICIT_RETAIN_SELF = YES;
				CLANG_WARN_OBJC_LITERAL_CONVERSION = YES;
				CLANG_WARN_OBJC_ROOT_CLASS = YES_ERROR;
				CLANG_WARN_RANGE_LOOP_ANALYSIS = YES;
				CLANG_WARN_STRICT_PROTOTYPES = YES;
				CLANG_WARN_SUSPICIOUS_MOVE = YES;
				CLANG_WARN_UNGUARDED_AVAILABILITY = YES_AGGRESSIVE;
				CLANG_WARN_UNREACHABLE_CODE = YES;
				CLANG_WARN__DUPLICATE_METHOD_MATCH = YES;
				COPY_PHASE_STRIP = NO;
				DEBUG_INFORMATION_FORMAT = dwarf;
				ENABLE_STRICT_OBJC_MSGSEND = YES;
				ENABLE_TESTABILITY = YES;
				GCC_C_LANGUAGE_STANDARD = gnu11;
				GCC_DYNAMIC_NO_PIC = NO;
				GCC_NO_COMMON_BLOCKS = YES;
				GCC_OPTIMIZATION_LEVEL = 0;
				GCC_PREPROCESSOR_DEFINITIONS = (
					"DEBUG=1",
					"$(inherited)",
				);
				GCC_WARN_64_TO_32_BIT_CONVERSION = YES;
				GCC_WARN_ABOUT_RETURN_TYPE = YES_ERROR;
				GCC_WARN_UNDECLARED_SELECTOR = YES;
				GCC_WARN_UNINITIALIZED_AUTOS = YES_AGGRESSIVE;
				GCC_WARN_UNUSED_FUNCTION = YES;
				GCC_WARN_UNUSED_VARIABLE = YES;
				IPHONEOS_DEPLOYMENT_TARGET = 13.0;
				MTL_ENABLE_DEBUG_INFO = INCLUDE_SOURCE;
				MTL_FAST_MATH = YES;
				ONLY_ACTIVE_ARCH = YES;
				SDKROOT = iphoneos;
				SWIFT_ACTIVE_COMPILATION_CONDITIONS = DEBUG;
				SWIFT_OPTIMIZATION_LEVEL = "-Onone";
			};
			name = Debug;
		};
		84FA532824795CF10020F046 /* Release */ = {
			isa = XCBuildConfiguration;
			buildSettings = {
				ALWAYS_SEARCH_USER_PATHS = NO;
				CLANG_ANALYZER_NONNULL = YES;
				CLANG_ANALYZER_NUMBER_OBJECT_CONVERSION = YES_AGGRESSIVE;
				CLANG_CXX_LANGUAGE_STANDARD = "gnu++14";
				CLANG_CXX_LIBRARY = "libc++";
				CLANG_ENABLE_MODULES = YES;
				CLANG_ENABLE_OBJC_ARC = YES;
				CLANG_ENABLE_OBJC_WEAK = YES;
				CLANG_WARN_BLOCK_CAPTURE_AUTORELEASING = YES;
				CLANG_WARN_BOOL_CONVERSION = YES;
				CLANG_WARN_COMMA = YES;
				CLANG_WARN_CONSTANT_CONVERSION = YES;
				CLANG_WARN_DEPRECATED_OBJC_IMPLEMENTATIONS = YES;
				CLANG_WARN_DIRECT_OBJC_ISA_USAGE = YES_ERROR;
				CLANG_WARN_DOCUMENTATION_COMMENTS = YES;
				CLANG_WARN_EMPTY_BODY = YES;
				CLANG_WARN_ENUM_CONVERSION = YES;
				CLANG_WARN_INFINITE_RECURSION = YES;
				CLANG_WARN_INT_CONVERSION = YES;
				CLANG_WARN_NON_LITERAL_NULL_CONVERSION = YES;
				CLANG_WARN_OBJC_IMPLICIT_RETAIN_SELF = YES;
				CLANG_WARN_OBJC_LITERAL_CONVERSION = YES;
				CLANG_WARN_OBJC_ROOT_CLASS = YES_ERROR;
				CLANG_WARN_RANGE_LOOP_ANALYSIS = YES;
				CLANG_WARN_STRICT_PROTOTYPES = YES;
				CLANG_WARN_SUSPICIOUS_MOVE = YES;
				CLANG_WARN_UNGUARDED_AVAILABILITY = YES_AGGRESSIVE;
				CLANG_WARN_UNREACHABLE_CODE = YES;
				CLANG_WARN__DUPLICATE_METHOD_MATCH = YES;
				COPY_PHASE_STRIP = NO;
				DEBUG_INFORMATION_FORMAT = "dwarf-with-dsym";
				ENABLE_NS_ASSERTIONS = NO;
				ENABLE_STRICT_OBJC_MSGSEND = YES;
				GCC_C_LANGUAGE_STANDARD = gnu11;
				GCC_NO_COMMON_BLOCKS = YES;
				GCC_WARN_64_TO_32_BIT_CONVERSION = YES;
				GCC_WARN_ABOUT_RETURN_TYPE = YES_ERROR;
				GCC_WARN_UNDECLARED_SELECTOR = YES;
				GCC_WARN_UNINITIALIZED_AUTOS = YES_AGGRESSIVE;
				GCC_WARN_UNUSED_FUNCTION = YES;
				GCC_WARN_UNUSED_VARIABLE = YES;
				IPHONEOS_DEPLOYMENT_TARGET = 13.0;
				MTL_ENABLE_DEBUG_INFO = NO;
				MTL_FAST_MATH = YES;
				SDKROOT = iphoneos;
				SWIFT_COMPILATION_MODE = wholemodule;
				SWIFT_OPTIMIZATION_LEVEL = "-O";
				VALIDATE_PRODUCT = YES;
			};
			name = Release;
		};
		84FA532A24795CF10020F046 /* Debug */ = {
			isa = XCBuildConfiguration;
			buildSettings = {
				ASSETCATALOG_COMPILER_APPICON_NAME = AppIcon;
				CODE_SIGN_STYLE = Automatic;
				INFOPLIST_FILE = AppWeather/Info.plist;
				LD_RUNPATH_SEARCH_PATHS = (
					"$(inherited)",
					"@executable_path/Frameworks",
				);
				PRODUCT_BUNDLE_IDENTIFIER = Long.AppWeather;
				PRODUCT_NAME = "$(TARGET_NAME)";
				SWIFT_VERSION = 5.0;
				TARGETED_DEVICE_FAMILY = "1,2";
			};
			name = Debug;
		};
		84FA532B24795CF10020F046 /* Release */ = {
			isa = XCBuildConfiguration;
			buildSettings = {
				ASSETCATALOG_COMPILER_APPICON_NAME = AppIcon;
				CODE_SIGN_STYLE = Automatic;
				INFOPLIST_FILE = AppWeather/Info.plist;
				LD_RUNPATH_SEARCH_PATHS = (
					"$(inherited)",
					"@executable_path/Frameworks",
				);
				PRODUCT_BUNDLE_IDENTIFIER = Long.AppWeather;
				PRODUCT_NAME = "$(TARGET_NAME)";
				SWIFT_VERSION = 5.0;
				TARGETED_DEVICE_FAMILY = "1,2";
			};
			name = Release;
		};
/* End XCBuildConfiguration section */

/* Begin XCConfigurationList section */
		84ED6DEC247BBDC100E13EBF /* Build configuration list for PBXNativeTarget "AppWeatherTests" */ = {
			isa = XCConfigurationList;
			buildConfigurations = (
				84ED6DEA247BBDC000E13EBF /* Debug */,
				84ED6DEB247BBDC000E13EBF /* Release */,
			);
			defaultConfigurationIsVisible = 0;
			defaultConfigurationName = Release;
		};
		84FA531024795CEF0020F046 /* Build configuration list for PBXProject "AppWeather" */ = {
			isa = XCConfigurationList;
			buildConfigurations = (
				84FA532724795CF10020F046 /* Debug */,
				84FA532824795CF10020F046 /* Release */,
			);
			defaultConfigurationIsVisible = 0;
			defaultConfigurationName = Release;
		};
		84FA532924795CF10020F046 /* Build configuration list for PBXNativeTarget "AppWeather" */ = {
			isa = XCConfigurationList;
			buildConfigurations = (
				84FA532A24795CF10020F046 /* Debug */,
				84FA532B24795CF10020F046 /* Release */,
			);
			defaultConfigurationIsVisible = 0;
			defaultConfigurationName = Release;
		};
/* End XCConfigurationList section */
	};
	rootObject = 84FA530D24795CEF0020F046 /* Project object */;
}
